// !$*UTF8*$!
{
	archiveVersion = 1;
	classes = {
	};
	objectVersion = 46;
	objects = {

/* Begin PBXBuildFile section */
		92C501201C23079C00CDBF69 /* AppDelegate.swift in Sources */ = {isa = PBXBuildFile; fileRef = 92C5011F1C23079C00CDBF69 /* AppDelegate.swift */; };
		92C501221C23079C00CDBF69 /* ViewController.swift in Sources */ = {isa = PBXBuildFile; fileRef = 92C501211C23079C00CDBF69 /* ViewController.swift */; };
		92C501251C23079C00CDBF69 /* Main.storyboard in Resources */ = {isa = PBXBuildFile; fileRef = 92C501231C23079C00CDBF69 /* Main.storyboard */; };
		92C501271C23079C00CDBF69 /* Assets.xcassets in Resources */ = {isa = PBXBuildFile; fileRef = 92C501261C23079C00CDBF69 /* Assets.xcassets */; };
		92C5012A1C23079C00CDBF69 /* LaunchScreen.storyboard in Resources */ = {isa = PBXBuildFile; fileRef = 92C501281C23079C00CDBF69 /* LaunchScreen.storyboard */; };
		92DCFCE31C2314AC009B209B /* findOutMoreViewController.swift in Sources */ = {isa = PBXBuildFile; fileRef = 92DCFCE21C2314AC009B209B /* findOutMoreViewController.swift */; };
/* End PBXBuildFile section */

/* Begin PBXFileReference section */
		92C5011C1C23079C00CDBF69 /* favourite-place.app */ = {isa = PBXFileReference; explicitFileType = wrapper.application; includeInIndex = 0; path = "favourite-place.app"; sourceTree = BUILT_PRODUCTS_DIR; };
		92C5011F1C23079C00CDBF69 /* AppDelegate.swift */ = {isa = PBXFileReference; lastKnownFileType = sourcecode.swift; path = AppDelegate.swift; sourceTree = "<group>"; };
		92C501211C23079C00CDBF69 /* ViewController.swift */ = {isa = PBXFileReference; lastKnownFileType = sourcecode.swift; path = ViewController.swift; sourceTree = "<group>"; };
		92C501241C23079C00CDBF69 /* Base */ = {isa = PBXFileReference; lastKnownFileType = file.storyboard; name = Base; path = Base.lproj/Main.storyboard; sourceTree = "<group>"; };
		92C501261C23079C00CDBF69 /* Assets.xcassets */ = {isa = PBXFileReference; lastKnownFileType = folder.assetcatalog; path = Assets.xcassets; sourceTree = "<group>"; };
		92C501291C23079C00CDBF69 /* Base */ = {isa = PBXFileReference; lastKnownFileType = file.storyboard; name = Base; path = Base.lproj/LaunchScreen.storyboard; sourceTree = "<group>"; };
		92C5012B1C23079C00CDBF69 /* Info.plist */ = {isa = PBXFileReference; lastKnownFileType = text.plist.xml; path = Info.plist; sourceTree = "<group>"; };
		92DCFCE21C2314AC009B209B /* findOutMoreViewController.swift */ = {isa = PBXFileReference; fileEncoding = 4; lastKnownFileType = sourcecode.swift; path = findOutMoreViewController.swift; sourceTree = "<group>"; };
/* End PBXFileReference section */

/* Begin PBXFrameworksBuildPhase section */
		92C501191C23079C00CDBF69 /* Frameworks */ = {
			isa = PBXFrameworksBuildPhase;
			buildActionMask = 2147483647;
			files = (
			);
			runOnlyForDeploymentPostprocessing = 0;
		};
/* End PBXFrameworksBuildPhase section */

/* Begin PBXGroup section */
		92C501131C23079C00CDBF69 = {
			isa = PBXGroup;
			children = (
				92C5011E1C23079C00CDBF69 /* favourite-place */,
				92C5011D1C23079C00CDBF69 /* Products */,
			);
			sourceTree = "<group>";
		};
		92C5011D1C23079C00CDBF69 /* Products */ = {
			isa = PBXGroup;
			children = (
				92C5011C1C23079C00CDBF69 /* favourite-place.app */,
			);
			name = Products;
			sourceTree = "<group>";
		};
		92C5011E1C23079C00CDBF69 /* favourite-place */ = {
			isa = PBXGroup;
			children = (
				92C5011F1C23079C00CDBF69 /* AppDelegate.swift */,
				92C501211C23079C00CDBF69 /* ViewController.swift */,
				92DCFCE21C2314AC009B209B /* findOutMoreViewController.swift */,
				92C501231C23079C00CDBF69 /* Main.storyboard */,
				92C501261C23079C00CDBF69 /* Assets.xcassets */,
				92C501281C23079C00CDBF69 /* LaunchScreen.storyboard */,
				92C5012B1C23079C00CDBF69 /* Info.plist */,
			);
			path = "favourite-place";
			sourceTree = "<group>";
		};
/* End PBXGroup section */

/* Begin PBXNativeTarget section */
		92C5011B1C23079C00CDBF69 /* favourite-place */ = {
			isa = PBXNativeTarget;
			buildConfigurationList = 92C5012E1C23079C00CDBF69 /* Build configuration list for PBXNativeTarget "favourite-place" */;
			buildPhases = (
				92C501181C23079C00CDBF69 /* Sources */,
				92C501191C23079C00CDBF69 /* Frameworks */,
				92C5011A1C23079C00CDBF69 /* Resources */,
			);
			buildRules = (
			);
			dependencies = (
			);
			name = "favourite-place";
			productName = "favourite-place";
			productReference = 92C5011C1C23079C00CDBF69 /* favourite-place.app */;
			productType = "com.apple.product-type.application";
		};
/* End PBXNativeTarget section */

/* Begin PBXProject section */
		92C501141C23079C00CDBF69 /* Project object */ = {
			isa = PBXProject;
			attributes = {
				LastSwiftUpdateCheck = 0720;
				LastUpgradeCheck = 0720;
				ORGANIZATIONNAME = FaceCat;
				TargetAttributes = {
					92C5011B1C23079C00CDBF69 = {
						CreatedOnToolsVersion = 7.2;
						DevelopmentTeam = ZC6JT4NBEH;
					};
				};
			};
			buildConfigurationList = 92C501171C23079C00CDBF69 /* Build configuration list for PBXProject "favourite-place" */;
			compatibilityVersion = "Xcode 3.2";
			developmentRegion = English;
			hasScannedForEncodings = 0;
			knownRegions = (
				en,
				Base,
			);
			mainGroup = 92C501131C23079C00CDBF69;
			productRefGroup = 92C5011D1C23079C00CDBF69 /* Products */;
			projectDirPath = "";
			projectRoot = "";
			targets = (
				92C5011B1C23079C00CDBF69 /* favourite-place */,
			);
		};
/* End PBXProject section */

/* Begin PBXResourcesBuildPhase section */
		92C5011A1C23079C00CDBF69 /* Resources */ = {
			isa = PBXResourcesBuildPhase;
			buildActionMask = 2147483647;
			files = (
				92C5012A1C23079C00CDBF69 /* LaunchScreen.storyboard in Resources */,
				92C501271C23079C00CDBF69 /* Assets.xcassets in Resources */,
				92C501251C23079C00CDBF69 /* Main.storyboard in Resources */,
			);
			runOnlyForDeploymentPostprocessing = 0;
		};
/* End PBXResourcesBuildPhase section */

/* Begin PBXSourcesBuildPhase section */
		92C501181C23079C00CDBF69 /* Sources */ = {
			isa = PBXSourcesBuildPhase;
			buildActionMask = 2147483647;
			files = (
				92DCFCE31C2314AC009B209B /* findOutMoreViewController.swift in Sources */,
				92C501221C23079C00CDBF69 /* ViewController.swift in Sources */,
				92C501201C23079C00CDBF69 /* AppDelegate.swift in Sources */,
			);
			runOnlyForDeploymentPostprocessing = 0;
		};
/* End PBXSourcesBuildPhase section */

/* Begin PBXVariantGroup section */
		92C501231C23079C00CDBF69 /* Main.storyboard */ = {
			isa = PBXVariantGroup;
			children = (
				92C501241C23079C00CDBF69 /* Base */,
			);
			name = Main.storyboard;
			sourceTree = "<group>";
		};
		92C501281C23079C00CDBF69 /* LaunchScreen.storyboard */ = {
			isa = PBXVariantGroup;
			children = (
				92C501291C23079C00CDBF69 /* Base */,
			);
			name = LaunchScreen.storyboard;
			sourceTree = "<group>";
		};
/* End PBXVariantGroup section */

/* Begin XCBuildConfiguration section */
		92C5012C1C23079C00CDBF69 /* Debug */ = {
			isa = XCBuildConfiguration;
			buildSettings = {
				ALWAYS_SEARCH_USER_PATHS = NO;
				CLANG_CXX_LANGUAGE_STANDARD = "gnu++0x";
				CLANG_CXX_LIBRARY = "libc++";
				CLANG_ENABLE_MODULES = YES;
				CLANG_ENABLE_OBJC_ARC = YES;
				CLANG_WARN_BOOL_CONVERSION = YES;
				CLANG_WARN_CONSTANT_CONVERSION = YES;
				CLANG_WARN_DIRECT_OBJC_ISA_USAGE = YES_ERROR;
				CLANG_WARN_EMPTY_BODY = YES;
				CLANG_WARN_ENUM_CONVERSION = YES;
				CLANG_WARN_INT_CONVERSION = YES;
				CLANG_WARN_OBJC_ROOT_CLASS = YES_ERROR;
				CLANG_WARN_UNREACHABLE_CODE = YES;
				CLANG_WARN__DUPLICATE_METHOD_MATCH = YES;
				"CODE_SIGN_IDENTITY[sdk=iphoneos*]" = "iPhone Developer";
				COPY_PHASE_STRIP = NO;
				DEBUG_INFORMATION_FORMAT = dwarf;
				ENABLE_STRICT_OBJC_MSGSEND = YES;
				ENABLE_TESTABILITY = YES;
				GCC_C_LANGUAGE_STANDARD = gnu99;
				GCC_DYNAMIC_NO_PIC = NO;
				GCC_NO_COMMON_BLOCKS = YES;
				GCC_OPTIMIZATION_LEVEL = 0;
				GCC_PREPROCESSOR_DEFINITIONS = (
					"DEBUG=1",
					"$(inherited)",
				);
				GCC_WARN_64_TO_32_BIT_CONVERSION = YES;
				GCC_WARN_ABOUT_RETURN_TYPE = YES_ERROR;
				GCC_WARN_UNDECLARED_SELECTOR = YES;
				GCC_WARN_UNINITIALIZED_AUTOS = YES_AGGRESSIVE;
				GCC_WARN_UNUSED_FUNCTION = YES;
				GCC_WARN_UNUSED_VARIABLE = YES;
				IPHONEOS_DEPLOYMENT_TARGET = 9.2;
				MTL_ENABLE_DEBUG_INFO = YES;
				ONLY_ACTIVE_ARCH = YES;
				SDKROOT = iphoneos;
				SWIFT_OPTIMIZATION_LEVEL = "-Onone";
			};
			name = Debug;
		};
		92C5012D1C23079C00CDBF69 /* Release */ = {
			isa = XCBuildConfiguration;
			buildSettings = {
				ALWAYS_SEARCH_USER_PATHS = NO;
				CLANG_CXX_LANGUAGE_STANDARD = "gnu++0x";
				CLANG_CXX_LIBRARY = "libc++";
				CLANG_ENABLE_MODULES = YES;
				CLANG_ENABLE_OBJC_ARC = YES;
				CLANG_WARN_BOOL_CONVERSION = YES;
				CLANG_WARN_CONSTANT_CONVERSION = YES;
				CLANG_WARN_DIRECT_OBJC_ISA_USAGE = YES_ERROR;
				CLANG_WARN_EMPTY_BODY = YES;
				CLANG_WARN_ENUM_CONVERSION = YES;
				CLANG_WARN_INT_CONVERSION = YES;
				CLANG_WARN_OBJC_ROOT_CLASS = YES_ERROR;
				CLANG_WARN_UNREACHABLE_CODE = YES;
				CLANG_WARN__DUPLICATE_METHOD_MATCH = YES;
				"CODE_SIGN_IDENTITY[sdk=iphoneos*]" = "iPhone Developer";
				COPY_PHASE_STRIP = NO;
				DEBUG_INFORMATION_FORMAT = "dwarf-with-dsym";
				ENABLE_NS_ASSERTIONS = NO;
				ENABLE_STRICT_OBJC_MSGSEND = YES;
				GCC_C_LANGUAGE_STANDARD = gnu99;
				GCC_NO_COMMON_BLOCKS = YES;
				GCC_WARN_64_TO_32_BIT_CONVERSION = YES;
				GCC_WARN_ABOUT_RETURN_TYPE = YES_ERROR;
				GCC_WARN_UNDECLARED_SELECTOR = YES;
				GCC_WARN_UNINITIALIZED_AUTOS = YES_AGGRESSIVE;
				GCC_WARN_UNUSED_FUNCTION = YES;
				GCC_WARN_UNUSED_VARIABLE = YES;
				IPHONEOS_DEPLOYMENT_TARGET = 9.2;
				MTL_ENABLE_DEBUG_INFO = NO;
				SDKROOT = iphoneos;
				VALIDATE_PRODUCT = YES;
			};
			name = Release;
		};
		92C5012F1C23079C00CDBF69 /* Debug */ = {
			isa = XCBuildConfiguration;
			buildSettings = {
				ASSETCATALOG_COMPILER_APPICON_NAME = AppIcon;
				INFOPLIST_FILE = "favourite-place/Info.plist";
				LD_RUNPATH_SEARCH_PATHS = "$(inherited) @executable_path/Frameworks";
				PRODUCT_BUNDLE_IDENTIFIER = "com.FaceCat.favourite-place";
				PRODUCT_NAME = "$(TARGET_NAME)";
			};
			name = Debug;
		};
		92C501301C23079C00CDBF69 /* Release */ = {
			isa = XCBuildConfiguration;
			buildSettings = {
				ASSETCATALOG_COMPILER_APPICON_NAME = AppIcon;
				INFOPLIST_FILE = "favourite-place/Info.plist";
				LD_RUNPATH_SEARCH_PATHS = "$(inherited) @executable_path/Frameworks";
				PRODUCT_BUNDLE_IDENTIFIER = "com.FaceCat.favourite-place";
				PRODUCT_NAME = "$(TARGET_NAME)";
			};
			name = Release;
		};
/* End XCBuildConfiguration section */

/* Begin XCConfigurationList section */
		92C501171C23079C00CDBF69 /* Build configuration list for PBXProject "favourite-place" */ = {
			isa = XCConfigurationList;
			buildConfigurations = (
				92C5012C1C23079C00CDBF69 /* Debug */,
				92C5012D1C23079C00CDBF69 /* Release */,
			);
			defaultConfigurationIsVisible = 0;
			defaultConfigurationName = Release;
		};
		92C5012E1C23079C00CDBF69 /* Build configuration list for PBXNativeTarget "favourite-place" */ = {
			isa = XCConfigurationList;
			buildConfigurations = (
				92C5012F1C23079C00CDBF69 /* Debug */,
				92C501301C23079C00CDBF69 /* Release */,
			);
			defaultConfigurationIsVisible = 0;
			defaultConfigurationName = Release;
		};
/* End XCConfigurationList section */
	};
	rootObject = 92C501141C23079C00CDBF69 /* Project object */;
}
